// !$*UTF8*$!
{
	archiveVersion = 1;
	classes = {
	};
	objectVersion = 51;
	objects = {

/* Begin PBXBuildFile section */
		30F0FAB0480A6EB9DB123654 /* Pods_VK_App.framework in Frameworks */ = {isa = PBXBuildFile; fileRef = FA145BACA0E154EB539C84AA /* Pods_VK_App.framework */; };
		F403EB52261DFB8100748090 /* FooterView.swift in Sources */ = {isa = PBXBuildFile; fileRef = F403EB51261DFB8100748090 /* FooterView.swift */; };
		F4394B0126564BB300CDFDB7 /* NetworkSession.swift in Sources */ = {isa = PBXBuildFile; fileRef = F4394B0026564BB300CDFDB7 /* NetworkSession.swift */; };
		F44986072615C4DB0091D3DC /* GroupsData.swift in Sources */ = {isa = PBXBuildFile; fileRef = F44986062615C4DB0091D3DC /* GroupsData.swift */; };
		F449860B261626FC0091D3DC /* Presets.swift in Sources */ = {isa = PBXBuildFile; fileRef = F449860A261626FC0091D3DC /* Presets.swift */; };
		F4498622261779BB0091D3DC /* AddGroupTableViewController.swift in Sources */ = {isa = PBXBuildFile; fileRef = F4498621261779BB0091D3DC /* AddGroupTableViewController.swift */; };
		F44986272618C68F0091D3DC /* NewsFeedCell.swift in Sources */ = {isa = PBXBuildFile; fileRef = F44986252618C68F0091D3DC /* NewsFeedCell.swift */; };
		F44986282618C68F0091D3DC /* NewsFeedCell.xib in Resources */ = {isa = PBXBuildFile; fileRef = F44986262618C68F0091D3DC /* NewsFeedCell.xib */; };
		F45B5D2A26396FD700CC8145 /* VkLogoDraw.swift in Sources */ = {isa = PBXBuildFile; fileRef = F45B5D2926396FD700CC8145 /* VkLogoDraw.swift */; };
		F480FC032636C56600017E9A /* DetailNewsTableViewController.swift in Sources */ = {isa = PBXBuildFile; fileRef = F480FC022636C56600017E9A /* DetailNewsTableViewController.swift */; };
		F48EA6ED261C86A300E1CBD9 /* NewsFeedTableViewController.swift in Sources */ = {isa = PBXBuildFile; fileRef = F48EA6EC261C86A300E1CBD9 /* NewsFeedTableViewController.swift */; };
		F48EA6F2261C876400E1CBD9 /* NewsFeedData.swift in Sources */ = {isa = PBXBuildFile; fileRef = F48EA6F1261C876400E1CBD9 /* NewsFeedData.swift */; };
		F4922ECF262D87BA003499CA /* FeedNewsFullscreenPhotoViewController.swift in Sources */ = {isa = PBXBuildFile; fileRef = F4922ECE262D87BA003499CA /* FeedNewsFullscreenPhotoViewController.swift */; };
		F494A1F82614F21E0058DC78 /* FullscreenPhotoViewController.swift in Sources */ = {isa = PBXBuildFile; fileRef = F494A1F72614F21E0058DC78 /* FullscreenPhotoViewController.swift */; };
		F494A1FC2615B8DC0058DC78 /* MyGroupsTableViewController.swift in Sources */ = {isa = PBXBuildFile; fileRef = F494A1FB2615B8DC0058DC78 /* MyGroupsTableViewController.swift */; };
		F494A2082615BA5C0058DC78 /* CustomCell.swift in Sources */ = {isa = PBXBuildFile; fileRef = F494A2062615BA5C0058DC78 /* CustomCell.swift */; };
		F494A2092615BA5C0058DC78 /* CustomCell.xib in Resources */ = {isa = PBXBuildFile; fileRef = F494A2072615BA5C0058DC78 /* CustomCell.xib */; };
		F4B1CFAB265A96D500556FB1 /* VKLoginViewController.swift in Sources */ = {isa = PBXBuildFile; fileRef = F4B1CFAA265A96D500556FB1 /* VKLoginViewController.swift */; };
		F4D472D22614D6CD005C9254 /* FriendsData.swift in Sources */ = {isa = PBXBuildFile; fileRef = F4D472D12614D6CD005C9254 /* FriendsData.swift */; };
		F4D472D62614E483005C9254 /* FriendsPhotosCollectionViewController.swift in Sources */ = {isa = PBXBuildFile; fileRef = F4D472D52614E483005C9254 /* FriendsPhotosCollectionViewController.swift */; };
		F4D472D92614E495005C9254 /* FriendsPhotosCellCollectionView.swift in Sources */ = {isa = PBXBuildFile; fileRef = F4D472D82614E495005C9254 /* FriendsPhotosCellCollectionView.swift */; };
		F4D68D9F26137121001E1DFC /* AppDelegate.swift in Sources */ = {isa = PBXBuildFile; fileRef = F4D68D9E26137121001E1DFC /* AppDelegate.swift */; };
		F4D68DA126137121001E1DFC /* SceneDelegate.swift in Sources */ = {isa = PBXBuildFile; fileRef = F4D68DA026137121001E1DFC /* SceneDelegate.swift */; };
		F4D68DA326137121001E1DFC /* LoginScreenViewController.swift in Sources */ = {isa = PBXBuildFile; fileRef = F4D68DA226137121001E1DFC /* LoginScreenViewController.swift */; };
		F4D68DA626137121001E1DFC /* Main.storyboard in Resources */ = {isa = PBXBuildFile; fileRef = F4D68DA426137121001E1DFC /* Main.storyboard */; };
		F4D68DA826137122001E1DFC /* Assets.xcassets in Resources */ = {isa = PBXBuildFile; fileRef = F4D68DA726137122001E1DFC /* Assets.xcassets */; };
		F4D68DB92614CFAD001E1DFC /* FriendsTableViewController.swift in Sources */ = {isa = PBXBuildFile; fileRef = F4D68DB82614CFAD001E1DFC /* FriendsTableViewController.swift */; };
/* End PBXBuildFile section */

/* Begin PBXFileReference section */
		41F0AF6EF745C43BC42F2B86 /* Pods-VK_App.release.xcconfig */ = {isa = PBXFileReference; includeInIndex = 1; lastKnownFileType = text.xcconfig; name = "Pods-VK_App.release.xcconfig"; path = "Target Support Files/Pods-VK_App/Pods-VK_App.release.xcconfig"; sourceTree = "<group>"; };
		7126F9BCC2C410FBF2E5ABC0 /* Pods-VK_App.debug.xcconfig */ = {isa = PBXFileReference; includeInIndex = 1; lastKnownFileType = text.xcconfig; name = "Pods-VK_App.debug.xcconfig"; path = "Target Support Files/Pods-VK_App/Pods-VK_App.debug.xcconfig"; sourceTree = "<group>"; };
		F403EB51261DFB8100748090 /* FooterView.swift */ = {isa = PBXFileReference; lastKnownFileType = sourcecode.swift; path = FooterView.swift; sourceTree = "<group>"; };
		F4394B0026564BB300CDFDB7 /* NetworkSession.swift */ = {isa = PBXFileReference; lastKnownFileType = sourcecode.swift; path = NetworkSession.swift; sourceTree = "<group>"; };
		F44986062615C4DB0091D3DC /* GroupsData.swift */ = {isa = PBXFileReference; lastKnownFileType = sourcecode.swift; path = GroupsData.swift; sourceTree = "<group>"; };
		F449860A261626FC0091D3DC /* Presets.swift */ = {isa = PBXFileReference; lastKnownFileType = sourcecode.swift; path = Presets.swift; sourceTree = "<group>"; };
		F4498621261779BB0091D3DC /* AddGroupTableViewController.swift */ = {isa = PBXFileReference; lastKnownFileType = sourcecode.swift; path = AddGroupTableViewController.swift; sourceTree = "<group>"; };
		F44986252618C68F0091D3DC /* NewsFeedCell.swift */ = {isa = PBXFileReference; lastKnownFileType = sourcecode.swift; path = NewsFeedCell.swift; sourceTree = "<group>"; };
		F44986262618C68F0091D3DC /* NewsFeedCell.xib */ = {isa = PBXFileReference; lastKnownFileType = file.xib; path = NewsFeedCell.xib; sourceTree = "<group>"; };
		F45B5D2926396FD700CC8145 /* VkLogoDraw.swift */ = {isa = PBXFileReference; lastKnownFileType = sourcecode.swift; path = VkLogoDraw.swift; sourceTree = "<group>"; };
		F480FC022636C56600017E9A /* DetailNewsTableViewController.swift */ = {isa = PBXFileReference; lastKnownFileType = sourcecode.swift; path = DetailNewsTableViewController.swift; sourceTree = "<group>"; };
		F48EA6EC261C86A300E1CBD9 /* NewsFeedTableViewController.swift */ = {isa = PBXFileReference; lastKnownFileType = sourcecode.swift; path = NewsFeedTableViewController.swift; sourceTree = "<group>"; };
		F48EA6F1261C876400E1CBD9 /* NewsFeedData.swift */ = {isa = PBXFileReference; lastKnownFileType = sourcecode.swift; path = NewsFeedData.swift; sourceTree = "<group>"; };
		F4922ECE262D87BA003499CA /* FeedNewsFullscreenPhotoViewController.swift */ = {isa = PBXFileReference; lastKnownFileType = sourcecode.swift; path = FeedNewsFullscreenPhotoViewController.swift; sourceTree = "<group>"; };
		F494A1F72614F21E0058DC78 /* FullscreenPhotoViewController.swift */ = {isa = PBXFileReference; lastKnownFileType = sourcecode.swift; path = FullscreenPhotoViewController.swift; sourceTree = "<group>"; };
		F494A1FB2615B8DC0058DC78 /* MyGroupsTableViewController.swift */ = {isa = PBXFileReference; lastKnownFileType = sourcecode.swift; path = MyGroupsTableViewController.swift; sourceTree = "<group>"; };
		F494A2062615BA5C0058DC78 /* CustomCell.swift */ = {isa = PBXFileReference; lastKnownFileType = sourcecode.swift; path = CustomCell.swift; sourceTree = "<group>"; };
		F494A2072615BA5C0058DC78 /* CustomCell.xib */ = {isa = PBXFileReference; lastKnownFileType = file.xib; path = CustomCell.xib; sourceTree = "<group>"; };
		F4B1CFAA265A96D500556FB1 /* VKLoginViewController.swift */ = {isa = PBXFileReference; lastKnownFileType = sourcecode.swift; path = VKLoginViewController.swift; sourceTree = "<group>"; };
		F4D472D12614D6CD005C9254 /* FriendsData.swift */ = {isa = PBXFileReference; lastKnownFileType = sourcecode.swift; path = FriendsData.swift; sourceTree = "<group>"; };
		F4D472D52614E483005C9254 /* FriendsPhotosCollectionViewController.swift */ = {isa = PBXFileReference; lastKnownFileType = sourcecode.swift; path = FriendsPhotosCollectionViewController.swift; sourceTree = "<group>"; };
		F4D472D82614E495005C9254 /* FriendsPhotosCellCollectionView.swift */ = {isa = PBXFileReference; lastKnownFileType = sourcecode.swift; path = FriendsPhotosCellCollectionView.swift; sourceTree = "<group>"; };
		F4D68D9B26137121001E1DFC /* VK_App.app */ = {isa = PBXFileReference; explicitFileType = wrapper.application; includeInIndex = 0; path = VK_App.app; sourceTree = BUILT_PRODUCTS_DIR; };
		F4D68D9E26137121001E1DFC /* AppDelegate.swift */ = {isa = PBXFileReference; lastKnownFileType = sourcecode.swift; path = AppDelegate.swift; sourceTree = "<group>"; };
		F4D68DA026137121001E1DFC /* SceneDelegate.swift */ = {isa = PBXFileReference; lastKnownFileType = sourcecode.swift; path = SceneDelegate.swift; sourceTree = "<group>"; };
		F4D68DA226137121001E1DFC /* LoginScreenViewController.swift */ = {isa = PBXFileReference; lastKnownFileType = sourcecode.swift; path = LoginScreenViewController.swift; sourceTree = "<group>"; };
		F4D68DA526137121001E1DFC /* Base */ = {isa = PBXFileReference; lastKnownFileType = file.storyboard; name = Base; path = Base.lproj/Main.storyboard; sourceTree = "<group>"; };
		F4D68DA726137122001E1DFC /* Assets.xcassets */ = {isa = PBXFileReference; lastKnownFileType = folder.assetcatalog; path = Assets.xcassets; sourceTree = "<group>"; };
		F4D68DAC26137122001E1DFC /* Info.plist */ = {isa = PBXFileReference; lastKnownFileType = text.plist.xml; path = Info.plist; sourceTree = "<group>"; };
		F4D68DB82614CFAD001E1DFC /* FriendsTableViewController.swift */ = {isa = PBXFileReference; lastKnownFileType = sourcecode.swift; path = FriendsTableViewController.swift; sourceTree = "<group>"; };
		FA145BACA0E154EB539C84AA /* Pods_VK_App.framework */ = {isa = PBXFileReference; explicitFileType = wrapper.framework; includeInIndex = 0; path = Pods_VK_App.framework; sourceTree = BUILT_PRODUCTS_DIR; };
/* End PBXFileReference section */

/* Begin PBXFrameworksBuildPhase section */
		F4D68D9826137121001E1DFC /* Frameworks */ = {
			isa = PBXFrameworksBuildPhase;
			buildActionMask = 2147483647;
			files = (
				30F0FAB0480A6EB9DB123654 /* Pods_VK_App.framework in Frameworks */,
			);
			runOnlyForDeploymentPostprocessing = 0;
		};
/* End PBXFrameworksBuildPhase section */

/* Begin PBXGroup section */
		1BFB6435441A4AD4BF47D58D /* Pods */ = {
			isa = PBXGroup;
			children = (
				7126F9BCC2C410FBF2E5ABC0 /* Pods-VK_App.debug.xcconfig */,
				41F0AF6EF745C43BC42F2B86 /* Pods-VK_App.release.xcconfig */,
			);
			path = Pods;
			sourceTree = "<group>";
		};
		31FEAC45EDEAF5FDDA728638 /* Frameworks */ = {
			isa = PBXGroup;
			children = (
				FA145BACA0E154EB539C84AA /* Pods_VK_App.framework */,
			);
			name = Frameworks;
			sourceTree = "<group>";
		};
		F48EA6EF261C86B700E1CBD9 /* NewsFeed */ = {
			isa = PBXGroup;
			children = (
				F48EA6EC261C86A300E1CBD9 /* NewsFeedTableViewController.swift */,
				F480FC022636C56600017E9A /* DetailNewsTableViewController.swift */,
				F4922ECE262D87BA003499CA /* FeedNewsFullscreenPhotoViewController.swift */,
				F48EA6F1261C876400E1CBD9 /* NewsFeedData.swift */,
			);
			path = NewsFeed;
			sourceTree = "<group>";
		};
		F494A1FA2615B8BF0058DC78 /* Groups */ = {
			isa = PBXGroup;
			children = (
				F494A1FB2615B8DC0058DC78 /* MyGroupsTableViewController.swift */,
				F4498621261779BB0091D3DC /* AddGroupTableViewController.swift */,
				F44986062615C4DB0091D3DC /* GroupsData.swift */,
			);
			path = Groups;
			sourceTree = "<group>";
		};
		F494A20B2615BB7F0058DC78 /* CustomViews */ = {
			isa = PBXGroup;
			children = (
				F494A2062615BA5C0058DC78 /* CustomCell.swift */,
				F494A2072615BA5C0058DC78 /* CustomCell.xib */,
				F44986252618C68F0091D3DC /* NewsFeedCell.swift */,
				F44986262618C68F0091D3DC /* NewsFeedCell.xib */,
				F403EB51261DFB8100748090 /* FooterView.swift */,
			);
			path = CustomViews;
			sourceTree = "<group>";
		};
		F4D472DB2614E49A005C9254 /* Friends Photos */ = {
			isa = PBXGroup;
			children = (
				F4D472D52614E483005C9254 /* FriendsPhotosCollectionViewController.swift */,
				F4D472D82614E495005C9254 /* FriendsPhotosCellCollectionView.swift */,
				F494A1F72614F21E0058DC78 /* FullscreenPhotoViewController.swift */,
			);
			path = "Friends Photos";
			sourceTree = "<group>";
		};
		F4D68D9226137121001E1DFC = {
			isa = PBXGroup;
			children = (
				F4D68D9D26137121001E1DFC /* VK_App */,
				F4D68D9C26137121001E1DFC /* Products */,
				1BFB6435441A4AD4BF47D58D /* Pods */,
				31FEAC45EDEAF5FDDA728638 /* Frameworks */,
			);
			sourceTree = "<group>";
		};
		F4D68D9C26137121001E1DFC /* Products */ = {
			isa = PBXGroup;
			children = (
				F4D68D9B26137121001E1DFC /* VK_App.app */,
			);
			name = Products;
			sourceTree = "<group>";
		};
		F4D68D9D26137121001E1DFC /* VK_App */ = {
			isa = PBXGroup;
			children = (
				F4DAAB9926582DBC00257B9F /* Network */,
				F4D68D9E26137121001E1DFC /* AppDelegate.swift */,
				F4D68DA426137121001E1DFC /* Main.storyboard */,
				F4D68DA026137121001E1DFC /* SceneDelegate.swift */,
				F449860A261626FC0091D3DC /* Presets.swift */,
				F494A20B2615BB7F0058DC78 /* CustomViews */,
				F4D68DB42613740B001E1DFC /* Login Screen */,
				F4D68DBB2614CFB5001E1DFC /* Friends */,
				F4D472DB2614E49A005C9254 /* Friends Photos */,
				F494A1FA2615B8BF0058DC78 /* Groups */,
				F48EA6EF261C86B700E1CBD9 /* NewsFeed */,
				F4D68DA726137122001E1DFC /* Assets.xcassets */,
				F4D68DAC26137122001E1DFC /* Info.plist */,
			);
			path = VK_App;
			sourceTree = "<group>";
		};
		F4D68DB42613740B001E1DFC /* Login Screen */ = {
			isa = PBXGroup;
			children = (
				F4D68DA226137121001E1DFC /* LoginScreenViewController.swift */,
				F45B5D2926396FD700CC8145 /* VkLogoDraw.swift */,
			);
			path = "Login Screen";
			sourceTree = "<group>";
		};
		F4D68DBB2614CFB5001E1DFC /* Friends */ = {
			isa = PBXGroup;
			children = (
				F4D68DB82614CFAD001E1DFC /* FriendsTableViewController.swift */,
				F4D472D12614D6CD005C9254 /* FriendsData.swift */,
			);
			path = Friends;
			sourceTree = "<group>";
		};
		F4DAAB9926582DBC00257B9F /* Network */ = {
			isa = PBXGroup;
			children = (
				F4394B0026564BB300CDFDB7 /* NetworkSession.swift */,
				F4B1CFAA265A96D500556FB1 /* VKLoginViewController.swift */,
			);
			path = Network;
			sourceTree = "<group>";
		};
/* End PBXGroup section */

/* Begin PBXNativeTarget section */
		F4D68D9A26137121001E1DFC /* VK_App */ = {
			isa = PBXNativeTarget;
			buildConfigurationList = F4D68DAF26137122001E1DFC /* Build configuration list for PBXNativeTarget "VK_App" */;
			buildPhases = (
				D0ADA9BAB41BD843CB238FE6 /* [CP] Check Pods Manifest.lock */,
				F4D68D9726137121001E1DFC /* Sources */,
				F4D68D9826137121001E1DFC /* Frameworks */,
				F4D68D9926137121001E1DFC /* Resources */,
				9BFB309E231827BDA3B19ED9 /* [CP] Embed Pods Frameworks */,
			);
			buildRules = (
			);
			dependencies = (
			);
			name = VK_App;
			productName = VK_App;
			productReference = F4D68D9B26137121001E1DFC /* VK_App.app */;
			productType = "com.apple.product-type.application";
		};
/* End PBXNativeTarget section */

/* Begin PBXProject section */
		F4D68D9326137121001E1DFC /* Project object */ = {
			isa = PBXProject;
			attributes = {
				LastSwiftUpdateCheck = 1240;
				LastUpgradeCheck = 1240;
				TargetAttributes = {
					F4D68D9A26137121001E1DFC = {
						CreatedOnToolsVersion = 12.4;
					};
				};
			};
			buildConfigurationList = F4D68D9626137121001E1DFC /* Build configuration list for PBXProject "VK_App" */;
			compatibilityVersion = "Xcode 9.3";
			developmentRegion = en;
			hasScannedForEncodings = 0;
			knownRegions = (
				en,
				Base,
			);
			mainGroup = F4D68D9226137121001E1DFC;
			productRefGroup = F4D68D9C26137121001E1DFC /* Products */;
			projectDirPath = "";
			projectRoot = "";
			targets = (
				F4D68D9A26137121001E1DFC /* VK_App */,
			);
		};
/* End PBXProject section */

/* Begin PBXResourcesBuildPhase section */
		F4D68D9926137121001E1DFC /* Resources */ = {
			isa = PBXResourcesBuildPhase;
			buildActionMask = 2147483647;
			files = (
				F494A2092615BA5C0058DC78 /* CustomCell.xib in Resources */,
				F44986282618C68F0091D3DC /* NewsFeedCell.xib in Resources */,
				F4D68DA826137122001E1DFC /* Assets.xcassets in Resources */,
				F4D68DA626137121001E1DFC /* Main.storyboard in Resources */,
			);
			runOnlyForDeploymentPostprocessing = 0;
		};
/* End PBXResourcesBuildPhase section */

/* Begin PBXShellScriptBuildPhase section */
		9BFB309E231827BDA3B19ED9 /* [CP] Embed Pods Frameworks */ = {
			isa = PBXShellScriptBuildPhase;
			buildActionMask = 2147483647;
			files = (
			);
			inputFileListPaths = (
				"${PODS_ROOT}/Target Support Files/Pods-VK_App/Pods-VK_App-frameworks-${CONFIGURATION}-input-files.xcfilelist",
			);
			name = "[CP] Embed Pods Frameworks";
			outputFileListPaths = (
				"${PODS_ROOT}/Target Support Files/Pods-VK_App/Pods-VK_App-frameworks-${CONFIGURATION}-output-files.xcfilelist",
			);
			runOnlyForDeploymentPostprocessing = 0;
			shellPath = /bin/sh;
			shellScript = "\"${PODS_ROOT}/Target Support Files/Pods-VK_App/Pods-VK_App-frameworks.sh\"\n";
			showEnvVarsInLog = 0;
		};
		D0ADA9BAB41BD843CB238FE6 /* [CP] Check Pods Manifest.lock */ = {
			isa = PBXShellScriptBuildPhase;
			buildActionMask = 2147483647;
			files = (
			);
			inputFileListPaths = (
			);
			inputPaths = (
				"${PODS_PODFILE_DIR_PATH}/Podfile.lock",
				"${PODS_ROOT}/Manifest.lock",
			);
			name = "[CP] Check Pods Manifest.lock";
			outputFileListPaths = (
			);
			outputPaths = (
				"$(DERIVED_FILE_DIR)/Pods-VK_App-checkManifestLockResult.txt",
			);
			runOnlyForDeploymentPostprocessing = 0;
			shellPath = /bin/sh;
			shellScript = "diff \"${PODS_PODFILE_DIR_PATH}/Podfile.lock\" \"${PODS_ROOT}/Manifest.lock\" > /dev/null\nif [ $? != 0 ] ; then\n    # print error to STDERR\n    echo \"error: The sandbox is not in sync with the Podfile.lock. Run 'pod install' or update your CocoaPods installation.\" >&2\n    exit 1\nfi\n# This output is used by Xcode 'outputs' to avoid re-running this script phase.\necho \"SUCCESS\" > \"${SCRIPT_OUTPUT_FILE_0}\"\n";
			showEnvVarsInLog = 0;
		};
/* End PBXShellScriptBuildPhase section */

/* Begin PBXSourcesBuildPhase section */
		F4D68D9726137121001E1DFC /* Sources */ = {
			isa = PBXSourcesBuildPhase;
			buildActionMask = 2147483647;
			files = (
				F4D68DA326137121001E1DFC /* LoginScreenViewController.swift in Sources */,
				F494A1F82614F21E0058DC78 /* FullscreenPhotoViewController.swift in Sources */,
				F4B1CFAB265A96D500556FB1 /* VKLoginViewController.swift in Sources */,
				F4D68D9F26137121001E1DFC /* AppDelegate.swift in Sources */,
				F449860B261626FC0091D3DC /* Presets.swift in Sources */,
				F4D68DB92614CFAD001E1DFC /* FriendsTableViewController.swift in Sources */,
				F4394B0126564BB300CDFDB7 /* NetworkSession.swift in Sources */,
				F4D472D22614D6CD005C9254 /* FriendsData.swift in Sources */,
				F403EB52261DFB8100748090 /* FooterView.swift in Sources */,
				F4D472D62614E483005C9254 /* FriendsPhotosCollectionViewController.swift in Sources */,
				F494A1FC2615B8DC0058DC78 /* MyGroupsTableViewController.swift in Sources */,
				F4498622261779BB0091D3DC /* AddGroupTableViewController.swift in Sources */,
				F4D68DA126137121001E1DFC /* SceneDelegate.swift in Sources */,
				F45B5D2A26396FD700CC8145 /* VkLogoDraw.swift in Sources */,
				F4922ECF262D87BA003499CA /* FeedNewsFullscreenPhotoViewController.swift in Sources */,
				F494A2082615BA5C0058DC78 /* CustomCell.swift in Sources */,
				F44986272618C68F0091D3DC /* NewsFeedCell.swift in Sources */,
				F44986072615C4DB0091D3DC /* GroupsData.swift in Sources */,
				F48EA6F2261C876400E1CBD9 /* NewsFeedData.swift in Sources */,
				F48EA6ED261C86A300E1CBD9 /* NewsFeedTableViewController.swift in Sources */,
				F480FC032636C56600017E9A /* DetailNewsTableViewController.swift in Sources */,
				F4D472D92614E495005C9254 /* FriendsPhotosCellCollectionView.swift in Sources */,
			);
			runOnlyForDeploymentPostprocessing = 0;
		};
/* End PBXSourcesBuildPhase section */

/* Begin PBXVariantGroup section */
		F4D68DA426137121001E1DFC /* Main.storyboard */ = {
			isa = PBXVariantGroup;
			children = (
				F4D68DA526137121001E1DFC /* Base */,
			);
			name = Main.storyboard;
			sourceTree = "<group>";
		};
/* End PBXVariantGroup section */

/* Begin XCBuildConfiguration section */
		F4D68DAD26137122001E1DFC /* Debug */ = {
			isa = XCBuildConfiguration;
			buildSettings = {
				ALWAYS_SEARCH_USER_PATHS = NO;
				CLANG_ANALYZER_NONNULL = YES;
				CLANG_ANALYZER_NUMBER_OBJECT_CONVERSION = YES_AGGRESSIVE;
				CLANG_CXX_LANGUAGE_STANDARD = "gnu++14";
				CLANG_CXX_LIBRARY = "libc++";
				CLANG_ENABLE_MODULES = YES;
				CLANG_ENABLE_OBJC_ARC = YES;
				CLANG_ENABLE_OBJC_WEAK = YES;
				CLANG_WARN_BLOCK_CAPTURE_AUTORELEASING = YES;
				CLANG_WARN_BOOL_CONVERSION = YES;
				CLANG_WARN_COMMA = YES;
				CLANG_WARN_CONSTANT_CONVERSION = YES;
				CLANG_WARN_DEPRECATED_OBJC_IMPLEMENTATIONS = YES;
				CLANG_WARN_DIRECT_OBJC_ISA_USAGE = YES_ERROR;
				CLANG_WARN_DOCUMENTATION_COMMENTS = YES;
				CLANG_WARN_EMPTY_BODY = YES;
				CLANG_WARN_ENUM_CONVERSION = YES;
				CLANG_WARN_INFINITE_RECURSION = YES;
				CLANG_WARN_INT_CONVERSION = YES;
				CLANG_WARN_NON_LITERAL_NULL_CONVERSION = YES;
				CLANG_WARN_OBJC_IMPLICIT_RETAIN_SELF = YES;
				CLANG_WARN_OBJC_LITERAL_CONVERSION = YES;
				CLANG_WARN_OBJC_ROOT_CLASS = YES_ERROR;
				CLANG_WARN_QUOTED_INCLUDE_IN_FRAMEWORK_HEADER = YES;
				CLANG_WARN_RANGE_LOOP_ANALYSIS = YES;
				CLANG_WARN_STRICT_PROTOTYPES = YES;
				CLANG_WARN_SUSPICIOUS_MOVE = YES;
				CLANG_WARN_UNGUARDED_AVAILABILITY = YES_AGGRESSIVE;
				CLANG_WARN_UNREACHABLE_CODE = YES;
				CLANG_WARN__DUPLICATE_METHOD_MATCH = YES;
				COPY_PHASE_STRIP = NO;
				DEBUG_INFORMATION_FORMAT = dwarf;
				ENABLE_STRICT_OBJC_MSGSEND = YES;
				ENABLE_TESTABILITY = YES;
				GCC_C_LANGUAGE_STANDARD = gnu11;
				GCC_DYNAMIC_NO_PIC = NO;
				GCC_NO_COMMON_BLOCKS = YES;
				GCC_OPTIMIZATION_LEVEL = 0;
				GCC_PREPROCESSOR_DEFINITIONS = (
					"DEBUG=1",
					"$(inherited)",
				);
				GCC_WARN_64_TO_32_BIT_CONVERSION = YES;
				GCC_WARN_ABOUT_RETURN_TYPE = YES_ERROR;
				GCC_WARN_UNDECLARED_SELECTOR = YES;
				GCC_WARN_UNINITIALIZED_AUTOS = YES_AGGRESSIVE;
				GCC_WARN_UNUSED_FUNCTION = YES;
				GCC_WARN_UNUSED_VARIABLE = YES;
				IPHONEOS_DEPLOYMENT_TARGET = 14.4;
				MTL_ENABLE_DEBUG_INFO = INCLUDE_SOURCE;
				MTL_FAST_MATH = YES;
				ONLY_ACTIVE_ARCH = YES;
				SDKROOT = iphoneos;
				SWIFT_ACTIVE_COMPILATION_CONDITIONS = DEBUG;
				SWIFT_OPTIMIZATION_LEVEL = "-Onone";
			};
			name = Debug;
		};
		F4D68DAE26137122001E1DFC /* Release */ = {
			isa = XCBuildConfiguration;
			buildSettings = {
				ALWAYS_SEARCH_USER_PATHS = NO;
				CLANG_ANALYZER_NONNULL = YES;
				CLANG_ANALYZER_NUMBER_OBJECT_CONVERSION = YES_AGGRESSIVE;
				CLANG_CXX_LANGUAGE_STANDARD = "gnu++14";
				CLANG_CXX_LIBRARY = "libc++";
				CLANG_ENABLE_MODULES = YES;
				CLANG_ENABLE_OBJC_ARC = YES;
				CLANG_ENABLE_OBJC_WEAK = YES;
				CLANG_WARN_BLOCK_CAPTURE_AUTORELEASING = YES;
				CLANG_WARN_BOOL_CONVERSION = YES;
				CLANG_WARN_COMMA = YES;
				CLANG_WARN_CONSTANT_CONVERSION = YES;
				CLANG_WARN_DEPRECATED_OBJC_IMPLEMENTATIONS = YES;
				CLANG_WARN_DIRECT_OBJC_ISA_USAGE = YES_ERROR;
				CLANG_WARN_DOCUMENTATION_COMMENTS = YES;
				CLANG_WARN_EMPTY_BODY = YES;
				CLANG_WARN_ENUM_CONVERSION = YES;
				CLANG_WARN_INFINITE_RECURSION = YES;
				CLANG_WARN_INT_CONVERSION = YES;
				CLANG_WARN_NON_LITERAL_NULL_CONVERSION = YES;
				CLANG_WARN_OBJC_IMPLICIT_RETAIN_SELF = YES;
				CLANG_WARN_OBJC_LITERAL_CONVERSION = YES;
				CLANG_WARN_OBJC_ROOT_CLASS = YES_ERROR;
				CLANG_WARN_QUOTED_INCLUDE_IN_FRAMEWORK_HEADER = YES;
				CLANG_WARN_RANGE_LOOP_ANALYSIS = YES;
				CLANG_WARN_STRICT_PROTOTYPES = YES;
				CLANG_WARN_SUSPICIOUS_MOVE = YES;
				CLANG_WARN_UNGUARDED_AVAILABILITY = YES_AGGRESSIVE;
				CLANG_WARN_UNREACHABLE_CODE = YES;
				CLANG_WARN__DUPLICATE_METHOD_MATCH = YES;
				COPY_PHASE_STRIP = NO;
				DEBUG_INFORMATION_FORMAT = "dwarf-with-dsym";
				ENABLE_NS_ASSERTIONS = NO;
				ENABLE_STRICT_OBJC_MSGSEND = YES;
				GCC_C_LANGUAGE_STANDARD = gnu11;
				GCC_NO_COMMON_BLOCKS = YES;
				GCC_WARN_64_TO_32_BIT_CONVERSION = YES;
				GCC_WARN_ABOUT_RETURN_TYPE = YES_ERROR;
				GCC_WARN_UNDECLARED_SELECTOR = YES;
				GCC_WARN_UNINITIALIZED_AUTOS = YES_AGGRESSIVE;
				GCC_WARN_UNUSED_FUNCTION = YES;
				GCC_WARN_UNUSED_VARIABLE = YES;
				IPHONEOS_DEPLOYMENT_TARGET = 14.4;
				MTL_ENABLE_DEBUG_INFO = NO;
				MTL_FAST_MATH = YES;
				SDKROOT = iphoneos;
				SWIFT_COMPILATION_MODE = wholemodule;
				SWIFT_OPTIMIZATION_LEVEL = "-O";
				VALIDATE_PRODUCT = YES;
			};
			name = Release;
		};
		F4D68DB026137122001E1DFC /* Debug */ = {
			isa = XCBuildConfiguration;
			baseConfigurationReference = 7126F9BCC2C410FBF2E5ABC0 /* Pods-VK_App.debug.xcconfig */;
			buildSettings = {
				ASSETCATALOG_COMPILER_APPICON_NAME = AppIcon;
				ASSETCATALOG_COMPILER_GLOBAL_ACCENT_COLOR_NAME = AccentColor;
				CODE_SIGN_STYLE = Automatic;
				DEVELOPMENT_TEAM = D3RBF3TPBM;
				INFOPLIST_FILE = VK_App/Info.plist;
				LD_RUNPATH_SEARCH_PATHS = (
					"$(inherited)",
					"@executable_path/Frameworks",
				);
				PRODUCT_BUNDLE_IDENTIFIER = "Onishchenko.A.A.VK-App";
				PRODUCT_NAME = "$(TARGET_NAME)";
				SWIFT_VERSION = 5.0;
				TARGETED_DEVICE_FAMILY = "1,2";
			};
			name = Debug;
		};
		F4D68DB126137122001E1DFC /* Release */ = {
			isa = XCBuildConfiguration;
			baseConfigurationReference = 41F0AF6EF745C43BC42F2B86 /* Pods-VK_App.release.xcconfig */;
			buildSettings = {
				ASSETCATALOG_COMPILER_APPICON_NAME = AppIcon;
				ASSETCATALOG_COMPILER_GLOBAL_ACCENT_COLOR_NAME = AccentColor;
				CODE_SIGN_STYLE = Automatic;
				DEVELOPMENT_TEAM = D3RBF3TPBM;
				INFOPLIST_FILE = VK_App/Info.plist;
				LD_RUNPATH_SEARCH_PATHS = (
					"$(inherited)",
					"@executable_path/Frameworks",
				);
				PRODUCT_BUNDLE_IDENTIFIER = "Onishchenko.A.A.VK-App";
				PRODUCT_NAME = "$(TARGET_NAME)";
				SWIFT_VERSION = 5.0;
				TARGETED_DEVICE_FAMILY = "1,2";
			};
			name = Release;
		};
/* End XCBuildConfiguration section */

/* Begin XCConfigurationList section */
		F4D68D9626137121001E1DFC /* Build configuration list for PBXProject "VK_App" */ = {
			isa = XCConfigurationList;
			buildConfigurations = (
				F4D68DAD26137122001E1DFC /* Debug */,
				F4D68DAE26137122001E1DFC /* Release */,
			);
			defaultConfigurationIsVisible = 0;
			defaultConfigurationName = Release;
		};
		F4D68DAF26137122001E1DFC /* Build configuration list for PBXNativeTarget "VK_App" */ = {
			isa = XCConfigurationList;
			buildConfigurations = (
				F4D68DB026137122001E1DFC /* Debug */,
				F4D68DB126137122001E1DFC /* Release */,
			);
			defaultConfigurationIsVisible = 0;
			defaultConfigurationName = Release;
		};
/* End XCConfigurationList section */
	};
	rootObject = F4D68D9326137121001E1DFC /* Project object */;
}
